
Microsoft Visual Studio Solution File, Format Version 12.00
# Visual Studio 15
VisualStudioVersion = 15.0.27004.2009
MinimumVisualStudioVersion = 10.0.40219.1
Project("{FAE04EC0-301F-11D3-BF4B-00C04F79EFBC}") = "TaskEmployee", "TaskEmployee\TaskEmployee.csproj", "{DEDED24E-D3F7-4265-BEDB-7CEE839178EF}"
EndProject
Global
	GlobalSection(SolutionConfigurationPlatforms) = preSolution
		Debug|Any CPU = Debug|Any CPU
		Release|Any CPU = Release|Any CPU
	EndGlobalSection
	GlobalSection(ProjectConfigurationPlatforms) = postSolution
		{DEDED24E-D3F7-4265-BEDB-7CEE839178EF}.Debug|Any CPU.ActiveCfg = Debug|Any CPU
		{DEDED24E-D3F7-4265-BEDB-7CEE839178EF}.Debug|Any CPU.Build.0 = Debug|Any CPU
		{DEDED24E-D3F7-4265-BEDB-7CEE839178EF}.Release|Any CPU.ActiveCfg = Release|Any CPU
		{DEDED24E-D3F7-4265-BEDB-7CEE839178EF}.Release|Any CPU.Build.0 = Release|Any CPU
	EndGlobalSection
	GlobalSection(SolutionProperties) = preSolution
		HideSolutionNode = FALSE
	EndGlobalSection
	GlobalSection(ExtensibilityGlobals) = postSolution
		SolutionGuid = {E715153E-8D3C-4602-AD4A-346CD805C707}
	EndGlobalSection
EndGlobal
