
Microsoft Visual Studio Solution File, Format Version 12.00
# Visual Studio 15
VisualStudioVersion = 15.0.27130.2027
MinimumVisualStudioVersion = 10.0.40219.1
Project("{FAE04EC0-301F-11D3-BF4B-00C04F79EFBC}") = "Utility", "Bban\Utility.csproj", "{8DD02A43-0DBF-4419-BC1C-DA57D5A27226}"
EndProject
Project("{FAE04EC0-301F-11D3-BF4B-00C04F79EFBC}") = "Bban", "..\Bban\Bban.csproj", "{6F025DB8-E2AA-40C7-8750-543DFCC658FA}"
EndProject
Global
	GlobalSection(SolutionConfigurationPlatforms) = preSolution
		Debug|Any CPU = Debug|Any CPU
		Release|Any CPU = Release|Any CPU
	EndGlobalSection
	GlobalSection(ProjectConfigurationPlatforms) = postSolution
		{8DD02A43-0DBF-4419-BC1C-DA57D5A27226}.Debug|Any CPU.ActiveCfg = Debug|Any CPU
		{8DD02A43-0DBF-4419-BC1C-DA57D5A27226}.Debug|Any CPU.Build.0 = Debug|Any CPU
		{8DD02A43-0DBF-4419-BC1C-DA57D5A27226}.Release|Any CPU.ActiveCfg = Release|Any CPU
		{8DD02A43-0DBF-4419-BC1C-DA57D5A27226}.Release|Any CPU.Build.0 = Release|Any CPU
		{6F025DB8-E2AA-40C7-8750-543DFCC658FA}.Debug|Any CPU.ActiveCfg = Debug|Any CPU
		{6F025DB8-E2AA-40C7-8750-543DFCC658FA}.Debug|Any CPU.Build.0 = Debug|Any CPU
		{6F025DB8-E2AA-40C7-8750-543DFCC658FA}.Release|Any CPU.ActiveCfg = Release|Any CPU
		{6F025DB8-E2AA-40C7-8750-543DFCC658FA}.Release|Any CPU.Build.0 = Release|Any CPU
	EndGlobalSection
	GlobalSection(SolutionProperties) = preSolution
		HideSolutionNode = FALSE
	EndGlobalSection
	GlobalSection(ExtensibilityGlobals) = postSolution
		SolutionGuid = {D2AEA2F7-5F78-4C2C-B6C5-2AEDEC84DE8D}
	EndGlobalSection
EndGlobal
